
Microsoft Visual Studio Solution File, Format Version 12.00
# Visual Studio Version 17
VisualStudioVersion = 17.4.33213.308
MinimumVisualStudioVersion = 10.0.40219.1
Project("{FAE04EC0-301F-11D3-BF4B-00C04F79EFBC}") = "EmailWebServicesApi", "EmailWebServicesApi\EmailWebServicesApi.csproj", "{7E6F5A02-066D-4594-8A2A-CE62EB93E456}"
EndProject
Project("{FAE04EC0-301F-11D3-BF4B-00C04F79EFBC}") = "EmailServicesLib", "EmailServicesLib\EmailServicesLib.csproj", "{1784D799-39C0-4C8E-B14B-4F680D600B76}"
EndProject
Global
	GlobalSection(SolutionConfigurationPlatforms) = preSolution
		Debug|Any CPU = Debug|Any CPU
		Release|Any CPU = Release|Any CPU
	EndGlobalSection
	GlobalSection(ProjectConfigurationPlatforms) = postSolution
		{7E6F5A02-066D-4594-8A2A-CE62EB93E456}.Debug|Any CPU.ActiveCfg = Debug|Any CPU
		{7E6F5A02-066D-4594-8A2A-CE62EB93E456}.Debug|Any CPU.Build.0 = Debug|Any CPU
		{7E6F5A02-066D-4594-8A2A-CE62EB93E456}.Release|Any CPU.ActiveCfg = Release|Any CPU
		{7E6F5A02-066D-4594-8A2A-CE62EB93E456}.Release|Any CPU.Build.0 = Release|Any CPU
		{1784D799-39C0-4C8E-B14B-4F680D600B76}.Debug|Any CPU.ActiveCfg = Debug|Any CPU
		{1784D799-39C0-4C8E-B14B-4F680D600B76}.Debug|Any CPU.Build.0 = Debug|Any CPU
		{1784D799-39C0-4C8E-B14B-4F680D600B76}.Release|Any CPU.ActiveCfg = Release|Any CPU
		{1784D799-39C0-4C8E-B14B-4F680D600B76}.Release|Any CPU.Build.0 = Release|Any CPU
	EndGlobalSection
	GlobalSection(SolutionProperties) = preSolution
		HideSolutionNode = FALSE
	EndGlobalSection
	GlobalSection(ExtensibilityGlobals) = postSolution
		SolutionGuid = {4AD9F13A-67CC-46AB-B35F-2C9632C3F998}
	EndGlobalSection
EndGlobal
